Microsoft Visual Studio Solution File, Format Version 12.00
# Visual Studio 15
VisualStudioVersion = 15.0.27130.2010
MinimumVisualStudioVersion = 10.0.40219.1
Project("{FAE04EC0-301F-11D3-BF4B-00C04F79EFBC}") = "DevOps.Code.DataAccess.Services.CacheService", "DevOps.Code.DataAccess.Services.CacheService\DevOps.Code.DataAccess.Services.CacheService.csproj", "{53ACB853-53AC-B853-53AC-B85353ACB853}"
EndProject
Global
	GlobalSection(SolutionConfigurationPlatforms) = preSolution
		Debug|Any CPU = Debug|Any CPU
		Release|Any CPU = Release|Any CPU
	EndGlobalSection
	GlobalSection(ProjectConfigurationPlatforms) = postSolution
		{53ACB853-53AC-B853-53AC-B85353ACB853}.Debug|Any CPU.ActiveCfg = Debug|Any CPU
		{53ACB853-53AC-B853-53AC-B85353ACB853}.Debug|Any CPU.Build.0 = Debug|Any CPU
		{53ACB853-53AC-B853-53AC-B85353ACB853}.Release|Any CPU.ActiveCfg = Release|Any CPU
		{53ACB853-53AC-B853-53AC-B85353ACB853}.Release|Any CPU.Build.0 = Release|Any CPU
	EndGlobalSection
	GlobalSection(SolutionProperties) = preSolution
		HideSolutionNode = FALSE
	EndGlobalSection
	GlobalSection(ExtensibilityGlobals) = preSolution
		SolutionGuid = {6D0BFD1F-6D0B-FD1F-6D0B-FD1F6D0BFD1F}
	EndGlobalSection
EndGlobal

